{
  "nodes": {
    "home-manager": {
      "inputs": {
        "nixpkgs": [
          "nixpkgs"
        ]
      },
      "locked": {
        "lastModified": 1763992789,
        "narHash": "sha256-WHkdBlw6oyxXIra/vQPYLtqY+3G8dUVZM8bEXk0t8x4=",
        "owner": "nix-community",
        "repo": "home-manager",
        "rev": "44831a7eaba4360fb81f2acc5ea6de5fde90aaa3",
        "type": "github"
      },
      "original": {
        "owner": "nix-community",
        "ref": "release-25.05",
        "repo": "home-manager",
        "type": "github"
      }
    },
    "nixos-secrets": {
      "flake": false,
      "locked": {
        "lastModified": 1766423057,
        "narHash": "sha256-0DrGblOp5XsICcQQ/SpepunHCVJ9ohHWfP7Mte+yqCQ=",
        "ref": "refs/heads/main",
        "rev": "65638b8d493a00479172c778943aff2161ebca65",
        "revCount": 4,
        "type": "git",
        "url": "ssh://abosio@abosio.com:1022/opt/git/nixos-secrets.git"
      },
      "original": {
        "type": "git",
        "url": "ssh://abosio@abosio.com:1022/opt/git/nixos-secrets.git"
      }
    },
    "nixpkgs": {
      "locked": {
        "lastModified": 1766014764,
        "narHash": "sha256-+73VffE5GP5fvbib6Hs1Su6LehG+9UV1Kzs90T2gBLA=",
        "owner": "NixOS",
        "repo": "nixpkgs",
        "rev": "2b0d2b456e4e8452cf1c16d00118d145f31160f9",
        "type": "github"
      },
      "original": {
        "owner": "NixOS",
        "ref": "nixos-25.05",
        "repo": "nixpkgs",
        "type": "github"
      }
    },
    "root": {
      "inputs": {
        "home-manager": "home-manager",
        "nixos-secrets": "nixos-secrets",
        "nixpkgs": "nixpkgs",
        "sops-nix": "sops-nix"
      }
    },
    "sops-nix": {
      "inputs": {
        "nixpkgs": [
          "nixpkgs"
        ]
      },
      "locked": {
        "lastModified": 1760240450,
        "narHash": "sha256-sa9bS9jSyc4vH0jSWrUsPGdqtMvDwmkLg971ntWOo2U=",
        "owner": "Mic92",
        "repo": "sops-nix",
        "rev": "41fd1f7570c89f645ee0ada0be4e2d3c4b169549",
        "type": "github"
      },
      "original": {
        "owner": "Mic92",
        "repo": "sops-nix",
        "type": "github"
      }
    }
  },
  "root": "root",
  "version": 7
}
