{
  "nodes": {
    "home-manager": {
      "inputs": {
        "nixpkgs": [
          "nixpkgs"
        ]
      },
      "locked": {
        "lastModified": 1766553861,
        "narHash": "sha256-ZbnG01yA3O8Yr1vUm3+NQ2qk9iRhS5bloAnuXHHy7+c=",
        "owner": "nix-community",
        "repo": "home-manager",
        "rev": "0999ed8f965bbbd991437ad9c5ed3434cecbc30e",
        "type": "github"
      },
      "original": {
        "owner": "nix-community",
        "ref": "release-25.11",
        "repo": "home-manager",
        "type": "github"
      }
    },
    "nixos-secrets": {
      "flake": false,
      "locked": {
        "lastModified": 1766423057,
        "narHash": "sha256-0DrGblOp5XsICcQQ/SpepunHCVJ9ohHWfP7Mte+yqCQ=",
        "ref": "refs/heads/main",
        "rev": "65638b8d493a00479172c778943aff2161ebca65",
        "revCount": 4,
        "type": "git",
        "url": "ssh://abosio@abosio.com:1022/opt/git/nixos-secrets.git"
      },
      "original": {
        "type": "git",
        "url": "ssh://abosio@abosio.com:1022/opt/git/nixos-secrets.git"
      }
    },
    "nixpkgs": {
      "locked": {
        "lastModified": 1766736597,
        "narHash": "sha256-BASnpCLodmgiVn0M1MU2Pqyoz0aHwar/0qLkp7CjvSQ=",
        "owner": "NixOS",
        "repo": "nixpkgs",
        "rev": "f560ccec6b1116b22e6ed15f4c510997d99d5852",
        "type": "github"
      },
      "original": {
        "owner": "NixOS",
        "ref": "nixos-25.11",
        "repo": "nixpkgs",
        "type": "github"
      }
    },
    "root": {
      "inputs": {
        "home-manager": "home-manager",
        "nixos-secrets": "nixos-secrets",
        "nixpkgs": "nixpkgs",
        "sops-nix": "sops-nix"
      }
    },
    "sops-nix": {
      "inputs": {
        "nixpkgs": [
          "nixpkgs"
        ]
      },
      "locked": {
        "lastModified": 1766289575,
        "narHash": "sha256-BOKCwOQQIP4p9z8DasT5r+qjri3x7sPCOq+FTjY8Z+o=",
        "owner": "Mic92",
        "repo": "sops-nix",
        "rev": "9836912e37aef546029e48c8749834735a6b9dad",
        "type": "github"
      },
      "original": {
        "owner": "Mic92",
        "repo": "sops-nix",
        "type": "github"
      }
    }
  },
  "root": "root",
  "version": 7
}
