{
  "nodes": {
    "home-manager": {
      "inputs": {
        "nixpkgs": [
          "nixpkgs"
        ]
      },
      "locked": {
        "lastModified": 1790215976,
        "narHash": "sha256-VkR1rMGyjU9jtw8ISFx5uqR9e+LEaOlhHwrseFkiIVk=",
        "owner": "nix-community",
        "repo": "home-manager",
        "rev": "a6631107a83ceab5872f298a2ea710859c80c4cb",
        "type": "github"
      },
      "original": {
        "owner": "nix-community",
        "ref": "release-26.05",
        "repo": "home-manager",
        "type": "github"
      }
    },
    "nixos-secrets": {
      "flake": false,
      "locked": {
        "lastModified": 1766423057,
        "narHash": "sha256-0DrGblOp5XsICcQQ/SpepunHCVJ9ohHWfP7Mte+yqCQ=",
        "ref": "refs/heads/main",
        "rev": "65638b8d493a00479172c778943aff2161ebca65",
        "revCount": 4,
        "type": "git",
        "url": "ssh://abosio@abosio.com:1022/opt/git/nixos-secrets.git"
      },
      "original": {
        "type": "git",
        "url": "ssh://abosio@abosio.com:1022/opt/git/nixos-secrets.git"
      }
    },
    "nixpkgs": {
      "locked": {
        "lastModified": 1790533781,
        "narHash": "sha256-F+b8u43BVF5DlM0pz7JQSbtbwKy5PrHIT5zQUekXsD0=",
        "owner": "NixOS",
        "repo": "nixpkgs",
        "rev": "cf5e76507c6e23b59f7e0ffcc7baa2a39ddd8442",
        "type": "github"
      },
      "original": {
        "owner": "NixOS",
        "ref": "nixos-26.05",
        "repo": "nixpkgs",
        "type": "github"
      }
    },
    "nixpkgs-kernel": {
      "locked": {
        "lastModified": 1780203844,
        "narHash": "sha256-K5sT4jTpGs15ADhviMKNBH38REpPf5Q6mM1+N6cArVE=",
        "owner": "NixOS",
        "repo": "nixpkgs",
        "rev": "b51242d7d43689db2f3be91bd05d5b24fbb469c4",
        "type": "github"
      },
      "original": {
        "owner": "NixOS",
        "repo": "nixpkgs",
        "rev": "b51242d7d43689db2f3be91bd05d5b24fbb469c4",
        "type": "github"
      }
    },
    "nixpkgs-unstable": {
      "locked": {
        "lastModified": 1790578696,
        "narHash": "sha256-ZoxIApko70jCdbH3l20HWXOBaT2HZd87orzd2yJ9dVE=",
        "owner": "NixOS",
        "repo": "nixpkgs",
        "rev": "7a0f122f5090cf4c2ade2a13a0e229d4e19ba71f",
        "type": "github"
      },
      "original": {
        "owner": "NixOS",
        "ref": "nixos-unstable",
        "repo": "nixpkgs",
        "type": "github"
      }
    },
    "root": {
      "inputs": {
        "home-manager": "home-manager",
        "nixos-secrets": "nixos-secrets",
        "nixpkgs": "nixpkgs",
        "nixpkgs-kernel": "nixpkgs-kernel",
        "nixpkgs-unstable": "nixpkgs-unstable",
        "sops-nix": "sops-nix"
      }
    },
    "sops-nix": {
      "inputs": {
        "nixpkgs": [
          "nixpkgs"
        ]
      },
      "locked": {
        "lastModified": 1790498116,
        "narHash": "sha256-rs9meAYxW3zzrh43yaW7htrqCD+X9+pupDPHN86fumI=",
        "owner": "Mic92",
        "repo": "sops-nix",
        "rev": "5efb5a6f4f5ab192817d28557dd4d650fa14d866",
        "type": "github"
      },
      "original": {
        "owner": "Mic92",
        "repo": "sops-nix",
        "type": "github"
      }
    }
  },
  "root": "root",
  "version": 7
}
